
Microsoft Visual Studio Solution File, Format Version 12.00
# Visual Studio Version 16
VisualStudioVersion = 16.0.30413.136
MinimumVisualStudioVersion = 10.0.40219.1
Project("{FAE04EC0-301F-11D3-BF4B-00C04F79EFBC}") = "VetDesk", "VetDesk\VetDesk.csproj", "{22D20624-948E-4DD6-9F00-B1040A85C6BA}"
EndProject
Global
	GlobalSection(SolutionConfigurationPlatforms) = preSolution
		Debug|Any CPU = Debug|Any CPU
		Release|Any CPU = Release|Any CPU
	EndGlobalSection
	GlobalSection(ProjectConfigurationPlatforms) = postSolution
		{22D20624-948E-4DD6-9F00-B1040A85C6BA}.Debug|Any CPU.ActiveCfg = Debug|Any CPU
		{22D20624-948E-4DD6-9F00-B1040A85C6BA}.Debug|Any CPU.Build.0 = Debug|Any CPU
		{22D20624-948E-4DD6-9F00-B1040A85C6BA}.Release|Any CPU.ActiveCfg = Release|Any CPU
		{22D20624-948E-4DD6-9F00-B1040A85C6BA}.Release|Any CPU.Build.0 = Release|Any CPU
	EndGlobalSection
	GlobalSection(SolutionProperties) = preSolution
		HideSolutionNode = FALSE
	EndGlobalSection
	GlobalSection(ExtensibilityGlobals) = postSolution
		SolutionGuid = {B9B5F9BF-1999-4EDB-8121-F5EC852AAEB8}
	EndGlobalSection
EndGlobal
